
Microsoft Visual Studio Solution File, Format Version 12.00
# Visual Studio 14
VisualStudioVersion = 14.0.25420.1
MinimumVisualStudioVersion = 10.0.40219.1
Project("{FAE04EC0-301F-11D3-BF4B-00C04F79EFBC}") = "FTPtest", "FTPtest\FTPtest.csproj", "{CFF866FA-DC95-4B43-91E2-BD86CFFEA62E}"
EndProject
Project("{FAE04EC0-301F-11D3-BF4B-00C04F79EFBC}") = "SFTPfileTransferService", "SFTPfileTransferService\SFTPfileTransferService.csproj", "{46F665F0-11B1-4FDA-A93E-FF42CFFB43A2}"
EndProject
Project("{54435603-DBB4-11D2-8724-00A0C9A8B90C}") = "SFTPFileTransferIServiceSetup", "SFTPFileTransferIServiceSetup\SFTPFileTransferIServiceSetup.vdproj", "{87850D95-2B67-439D-BA0E-2DD435AD45D3}"
EndProject
Global
	GlobalSection(SolutionConfigurationPlatforms) = preSolution
		Debug|Any CPU = Debug|Any CPU
		Release|Any CPU = Release|Any CPU
	EndGlobalSection
	GlobalSection(ProjectConfigurationPlatforms) = postSolution
		{CFF866FA-DC95-4B43-91E2-BD86CFFEA62E}.Debug|Any CPU.ActiveCfg = Debug|Any CPU
		{CFF866FA-DC95-4B43-91E2-BD86CFFEA62E}.Debug|Any CPU.Build.0 = Debug|Any CPU
		{CFF866FA-DC95-4B43-91E2-BD86CFFEA62E}.Release|Any CPU.ActiveCfg = Release|Any CPU
		{CFF866FA-DC95-4B43-91E2-BD86CFFEA62E}.Release|Any CPU.Build.0 = Release|Any CPU
		{46F665F0-11B1-4FDA-A93E-FF42CFFB43A2}.Debug|Any CPU.ActiveCfg = Debug|Any CPU
		{46F665F0-11B1-4FDA-A93E-FF42CFFB43A2}.Debug|Any CPU.Build.0 = Debug|Any CPU
		{46F665F0-11B1-4FDA-A93E-FF42CFFB43A2}.Release|Any CPU.ActiveCfg = Release|Any CPU
		{46F665F0-11B1-4FDA-A93E-FF42CFFB43A2}.Release|Any CPU.Build.0 = Release|Any CPU
		{87850D95-2B67-439D-BA0E-2DD435AD45D3}.Debug|Any CPU.ActiveCfg = Debug
		{87850D95-2B67-439D-BA0E-2DD435AD45D3}.Release|Any CPU.ActiveCfg = Release
	EndGlobalSection
	GlobalSection(SolutionProperties) = preSolution
		HideSolutionNode = FALSE
	EndGlobalSection
EndGlobal
